
Microsoft Visual Studio Solution File, Format Version 12.00
# Visual Studio 15
VisualStudioVersion = 15.0.27703.2042
MinimumVisualStudioVersion = 10.0.40219.1
Project("{9A19103F-16F7-4668-BE54-9A1E7A4F7556}") = "Fluentley.QueryBuilder", "Fluentley.QueryBuilder\Fluentley.QueryBuilder.csproj", "{8D5E4B47-0011-4369-97E8-843E85D79660}"
EndProject
Project("{FAE04EC0-301F-11D3-BF4B-00C04F79EFBC}") = "Tests.Fluentley.QueryBuilder", "Tests.Fluentley.QueryBuilder\Tests.Fluentley.QueryBuilder.csproj", "{4A80E830-1A56-44ED-8AE1-1B17FBB02D89}"
EndProject
Global
	GlobalSection(SolutionConfigurationPlatforms) = preSolution
		Debug|Any CPU = Debug|Any CPU
		Release|Any CPU = Release|Any CPU
	EndGlobalSection
	GlobalSection(ProjectConfigurationPlatforms) = postSolution
		{8D5E4B47-0011-4369-97E8-843E85D79660}.Debug|Any CPU.ActiveCfg = Debug|Any CPU
		{8D5E4B47-0011-4369-97E8-843E85D79660}.Debug|Any CPU.Build.0 = Debug|Any CPU
		{8D5E4B47-0011-4369-97E8-843E85D79660}.Release|Any CPU.ActiveCfg = Release|Any CPU
		{8D5E4B47-0011-4369-97E8-843E85D79660}.Release|Any CPU.Build.0 = Release|Any CPU
		{4A80E830-1A56-44ED-8AE1-1B17FBB02D89}.Debug|Any CPU.ActiveCfg = Debug|Any CPU
		{4A80E830-1A56-44ED-8AE1-1B17FBB02D89}.Debug|Any CPU.Build.0 = Debug|Any CPU
		{4A80E830-1A56-44ED-8AE1-1B17FBB02D89}.Release|Any CPU.ActiveCfg = Release|Any CPU
		{4A80E830-1A56-44ED-8AE1-1B17FBB02D89}.Release|Any CPU.Build.0 = Release|Any CPU
	EndGlobalSection
	GlobalSection(SolutionProperties) = preSolution
		HideSolutionNode = FALSE
	EndGlobalSection
	GlobalSection(ExtensibilityGlobals) = postSolution
		SolutionGuid = {469FE0CB-52C0-4A45-87B3-7A694240E619}
	EndGlobalSection
EndGlobal
